
Microsoft Visual Studio Solution File, Format Version 12.00
# Visual Studio Version 17
VisualStudioVersion = 17.9.34723.18
MinimumVisualStudioVersion = 10.0.40219.1
Project("{9A19103F-16F7-4668-BE54-9A1E7A4F7556}") = "FrightForce.Infrastructure", "FrightForce.Infrastructure\FrightForce.Infrastructure.csproj", "{7BCFA617-9512-45B7-A6B7-E7A99466F314}"
EndProject
Project("{9A19103F-16F7-4668-BE54-9A1E7A4F7556}") = "FrightForce.Domain", "FrightForce.Domain\FrightForce.Domain.csproj", "{51CD19F7-B85E-4163-B776-E6C57BE09964}"
EndProject
Project("{9A19103F-16F7-4668-BE54-9A1E7A4F7556}") = "FrightForce.Application", "FrightForce.Application\FrightForce.Application.csproj", "{79D6EC01-EC07-443A-957F-2D66B6F7C1D6}"
EndProject
Project("{2150E333-8FDC-42A3-9474-1A3956D46DE8}") = "Test", "Test", "{22B8E7A6-B764-4763-85DF-93FC08B44B53}"
EndProject
Project("{2150E333-8FDC-42A3-9474-1A3956D46DE8}") = "Src", "Src", "{7DAC2826-CED9-4EE0-A63B-5BE66C7E2213}"
EndProject
Project("{9A19103F-16F7-4668-BE54-9A1E7A4F7556}") = "FrightForce.IntegrationTests", "FrightForce.IntegrationTests\FrightForce.IntegrationTests.csproj", "{51FB7DA8-380A-4CF9-9516-E4859A2AA5EF}"
EndProject
Project("{FAE04EC0-301F-11D3-BF4B-00C04F79EFBC}") = "FrightForce.API", "FrightForce.API\FrightForce.API.csproj", "{0274D913-3A43-47EA-833F-4AE5E9CD7AA6}"
EndProject
Global
	GlobalSection(SolutionConfigurationPlatforms) = preSolution
		Debug|Any CPU = Debug|Any CPU
		Release|Any CPU = Release|Any CPU
	EndGlobalSection
	GlobalSection(ProjectConfigurationPlatforms) = postSolution
		{7BCFA617-9512-45B7-A6B7-E7A99466F314}.Debug|Any CPU.ActiveCfg = Debug|Any CPU
		{7BCFA617-9512-45B7-A6B7-E7A99466F314}.Debug|Any CPU.Build.0 = Debug|Any CPU
		{7BCFA617-9512-45B7-A6B7-E7A99466F314}.Release|Any CPU.ActiveCfg = Release|Any CPU
		{7BCFA617-9512-45B7-A6B7-E7A99466F314}.Release|Any CPU.Build.0 = Release|Any CPU
		{51CD19F7-B85E-4163-B776-E6C57BE09964}.Debug|Any CPU.ActiveCfg = Debug|Any CPU
		{51CD19F7-B85E-4163-B776-E6C57BE09964}.Debug|Any CPU.Build.0 = Debug|Any CPU
		{51CD19F7-B85E-4163-B776-E6C57BE09964}.Release|Any CPU.ActiveCfg = Release|Any CPU
		{51CD19F7-B85E-4163-B776-E6C57BE09964}.Release|Any CPU.Build.0 = Release|Any CPU
		{79D6EC01-EC07-443A-957F-2D66B6F7C1D6}.Debug|Any CPU.ActiveCfg = Debug|Any CPU
		{79D6EC01-EC07-443A-957F-2D66B6F7C1D6}.Debug|Any CPU.Build.0 = Debug|Any CPU
		{79D6EC01-EC07-443A-957F-2D66B6F7C1D6}.Release|Any CPU.ActiveCfg = Release|Any CPU
		{79D6EC01-EC07-443A-957F-2D66B6F7C1D6}.Release|Any CPU.Build.0 = Release|Any CPU
		{51FB7DA8-380A-4CF9-9516-E4859A2AA5EF}.Debug|Any CPU.ActiveCfg = Debug|Any CPU
		{51FB7DA8-380A-4CF9-9516-E4859A2AA5EF}.Debug|Any CPU.Build.0 = Debug|Any CPU
		{51FB7DA8-380A-4CF9-9516-E4859A2AA5EF}.Release|Any CPU.ActiveCfg = Release|Any CPU
		{51FB7DA8-380A-4CF9-9516-E4859A2AA5EF}.Release|Any CPU.Build.0 = Release|Any CPU
		{0274D913-3A43-47EA-833F-4AE5E9CD7AA6}.Debug|Any CPU.ActiveCfg = Debug|Any CPU
		{0274D913-3A43-47EA-833F-4AE5E9CD7AA6}.Debug|Any CPU.Build.0 = Debug|Any CPU
		{0274D913-3A43-47EA-833F-4AE5E9CD7AA6}.Release|Any CPU.ActiveCfg = Release|Any CPU
		{0274D913-3A43-47EA-833F-4AE5E9CD7AA6}.Release|Any CPU.Build.0 = Release|Any CPU
	EndGlobalSection
	GlobalSection(SolutionProperties) = preSolution
		HideSolutionNode = FALSE
	EndGlobalSection
	GlobalSection(NestedProjects) = preSolution
		{7BCFA617-9512-45B7-A6B7-E7A99466F314} = {7DAC2826-CED9-4EE0-A63B-5BE66C7E2213}
		{51CD19F7-B85E-4163-B776-E6C57BE09964} = {7DAC2826-CED9-4EE0-A63B-5BE66C7E2213}
		{79D6EC01-EC07-443A-957F-2D66B6F7C1D6} = {7DAC2826-CED9-4EE0-A63B-5BE66C7E2213}
		{51FB7DA8-380A-4CF9-9516-E4859A2AA5EF} = {22B8E7A6-B764-4763-85DF-93FC08B44B53}
		{0274D913-3A43-47EA-833F-4AE5E9CD7AA6} = {7DAC2826-CED9-4EE0-A63B-5BE66C7E2213}
	EndGlobalSection
	GlobalSection(ExtensibilityGlobals) = postSolution
		SolutionGuid = {F8FDCFFC-50B0-4760-9EE2-7CB0837A1006}
	EndGlobalSection
EndGlobal
